// !$*UTF8*$!
{
	archiveVersion = 1;
	classes = {
	};
	objectVersion = 46;
	objects = {

/* Begin PBXBuildFile section */
		F718565E19C9EFA60017BED6 /* main.swift in Sources */ = {isa = PBXBuildFile; fileRef = F718565D19C9EFA60017BED6 /* main.swift */; };
		F718566019C9EFA60017BED6 /* AppDelegate.swift in Sources */ = {isa = PBXBuildFile; fileRef = F718565F19C9EFA60017BED6 /* AppDelegate.swift */; };
		F718566219C9EFA60017BED6 /* Images.xcassets in Resources */ = {isa = PBXBuildFile; fileRef = F718566119C9EFA60017BED6 /* Images.xcassets */; };
		F718566519C9EFA60017BED6 /* MainMenu.xib in Resources */ = {isa = PBXBuildFile; fileRef = F718566319C9EFA60017BED6 /* MainMenu.xib */; };
		F718567119C9EFA60017BED6 /* FileUploaderTests.swift in Sources */ = {isa = PBXBuildFile; fileRef = F718567019C9EFA60017BED6 /* FileUploaderTests.swift */; };
/* End PBXBuildFile section */

/* Begin PBXContainerItemProxy section */
		F718566B19C9EFA60017BED6 /* PBXContainerItemProxy */ = {
			isa = PBXContainerItemProxy;
			containerPortal = F718565019C9EFA60017BED6 /* Project object */;
			proxyType = 1;
			remoteGlobalIDString = F718565719C9EFA60017BED6;
			remoteInfo = MacViewStarter;
		};
/* End PBXContainerItemProxy section */

/* Begin PBXFileReference section */
		F718565819C9EFA60017BED6 /* FileUploader.app */ = {isa = PBXFileReference; explicitFileType = wrapper.application; includeInIndex = 0; path = FileUploader.app; sourceTree = BUILT_PRODUCTS_DIR; };
		F718565C19C9EFA60017BED6 /* Info.plist */ = {isa = PBXFileReference; lastKnownFileType = text.plist.xml; path = Info.plist; sourceTree = "<group>"; };
		F718565D19C9EFA60017BED6 /* main.swift */ = {isa = PBXFileReference; lastKnownFileType = sourcecode.swift; path = main.swift; sourceTree = "<group>"; };
		F718565F19C9EFA60017BED6 /* AppDelegate.swift */ = {isa = PBXFileReference; lastKnownFileType = sourcecode.swift; path = AppDelegate.swift; sourceTree = "<group>"; };
		F718566119C9EFA60017BED6 /* Images.xcassets */ = {isa = PBXFileReference; lastKnownFileType = folder.assetcatalog; path = Images.xcassets; sourceTree = "<group>"; };
		F718566419C9EFA60017BED6 /* Base */ = {isa = PBXFileReference; lastKnownFileType = file.xib; name = Base; path = Base.lproj/MainMenu.xib; sourceTree = "<group>"; };
		F718566A19C9EFA60017BED6 /* FileUploaderTests.xctest */ = {isa = PBXFileReference; explicitFileType = wrapper.cfbundle; includeInIndex = 0; path = FileUploaderTests.xctest; sourceTree = BUILT_PRODUCTS_DIR; };
		F718566F19C9EFA60017BED6 /* Info.plist */ = {isa = PBXFileReference; lastKnownFileType = text.plist.xml; path = Info.plist; sourceTree = "<group>"; };
		F718567019C9EFA60017BED6 /* FileUploaderTests.swift */ = {isa = PBXFileReference; lastKnownFileType = sourcecode.swift; path = FileUploaderTests.swift; sourceTree = "<group>"; };
/* End PBXFileReference section */

/* Begin PBXFrameworksBuildPhase section */
		F718565519C9EFA60017BED6 /* Frameworks */ = {
			isa = PBXFrameworksBuildPhase;
			buildActionMask = 2147483647;
			files = (
			);
			runOnlyForDeploymentPostprocessing = 0;
		};
		F718566719C9EFA60017BED6 /* Frameworks */ = {
			isa = PBXFrameworksBuildPhase;
			buildActionMask = 2147483647;
			files = (
			);
			runOnlyForDeploymentPostprocessing = 0;
		};
/* End PBXFrameworksBuildPhase section */

/* Begin PBXGroup section */
		F718564F19C9EFA60017BED6 = {
			isa = PBXGroup;
			children = (
				F718565A19C9EFA60017BED6 /* FileUploader */,
				F718566D19C9EFA60017BED6 /* FileUploaderTests */,
				F718565919C9EFA60017BED6 /* Products */,
			);
			sourceTree = "<group>";
		};
		F718565919C9EFA60017BED6 /* Products */ = {
			isa = PBXGroup;
			children = (
				F718565819C9EFA60017BED6 /* FileUploader.app */,
				F718566A19C9EFA60017BED6 /* FileUploaderTests.xctest */,
			);
			name = Products;
			sourceTree = "<group>";
		};
		F718565A19C9EFA60017BED6 /* FileUploader */ = {
			isa = PBXGroup;
			children = (
				F718565F19C9EFA60017BED6 /* AppDelegate.swift */,
				F718566119C9EFA60017BED6 /* Images.xcassets */,
				F718566319C9EFA60017BED6 /* MainMenu.xib */,
				F718565B19C9EFA60017BED6 /* Supporting Files */,
			);
			path = FileUploader;
			sourceTree = "<group>";
		};
		F718565B19C9EFA60017BED6 /* Supporting Files */ = {
			isa = PBXGroup;
			children = (
				F718565C19C9EFA60017BED6 /* Info.plist */,
				F718565D19C9EFA60017BED6 /* main.swift */,
			);
			name = "Supporting Files";
			sourceTree = "<group>";
		};
		F718566D19C9EFA60017BED6 /* FileUploaderTests */ = {
			isa = PBXGroup;
			children = (
				F718567019C9EFA60017BED6 /* FileUploaderTests.swift */,
				F718566E19C9EFA60017BED6 /* Supporting Files */,
			);
			path = FileUploaderTests;
			sourceTree = "<group>";
		};
		F718566E19C9EFA60017BED6 /* Supporting Files */ = {
			isa = PBXGroup;
			children = (
				F718566F19C9EFA60017BED6 /* Info.plist */,
			);
			name = "Supporting Files";
			sourceTree = "<group>";
		};
/* End PBXGroup section */

/* Begin PBXNativeTarget section */
		F718565719C9EFA60017BED6 /* FileUploader */ = {
			isa = PBXNativeTarget;
			buildConfigurationList = F718567419C9EFA60017BED6 /* Build configuration list for PBXNativeTarget "FileUploader" */;
			buildPhases = (
				F718565419C9EFA60017BED6 /* Sources */,
				F718565519C9EFA60017BED6 /* Frameworks */,
				F718565619C9EFA60017BED6 /* Resources */,
			);
			buildRules = (
			);
			dependencies = (
			);
			name = FileUploader;
			productName = MacViewStarter;
			productReference = F718565819C9EFA60017BED6 /* FileUploader.app */;
			productType = "com.apple.product-type.application";
		};
		F718566919C9EFA60017BED6 /* FileUploaderTests */ = {
			isa = PBXNativeTarget;
			buildConfigurationList = F718567719C9EFA60017BED6 /* Build configuration list for PBXNativeTarget "FileUploaderTests" */;
			buildPhases = (
				F718566619C9EFA60017BED6 /* Sources */,
				F718566719C9EFA60017BED6 /* Frameworks */,
				F718566819C9EFA60017BED6 /* Resources */,
			);
			buildRules = (
			);
			dependencies = (
				F718566C19C9EFA60017BED6 /* PBXTargetDependency */,
			);
			name = FileUploaderTests;
			productName = MacViewStarterTests;
			productReference = F718566A19C9EFA60017BED6 /* FileUploaderTests.xctest */;
			productType = "com.apple.product-type.bundle.unit-test";
		};
/* End PBXNativeTarget section */

/* Begin PBXProject section */
		F718565019C9EFA60017BED6 /* Project object */ = {
			isa = PBXProject;
			attributes = {
				LastSwiftMigration = 0700;
				LastSwiftUpdateCheck = 0700;
				LastUpgradeCheck = 0940;
				ORGANIZATIONNAME = "Adam Nagy";
				TargetAttributes = {
					F718565719C9EFA60017BED6 = {
						CreatedOnToolsVersion = 6.0;
						LastSwiftMigration = 0940;
					};
					F718566919C9EFA60017BED6 = {
						CreatedOnToolsVersion = 6.0;
						LastSwiftMigration = 0940;
						TestTargetID = F718565719C9EFA60017BED6;
					};
				};
			};
			buildConfigurationList = F718565319C9EFA60017BED6 /* Build configuration list for PBXProject "FileUploader" */;
			compatibilityVersion = "Xcode 3.2";
			developmentRegion = English;
			hasScannedForEncodings = 0;
			knownRegions = (
				en,
				Base,
			);
			mainGroup = F718564F19C9EFA60017BED6;
			productRefGroup = F718565919C9EFA60017BED6 /* Products */;
			projectDirPath = "";
			projectRoot = "";
			targets = (
				F718565719C9EFA60017BED6 /* FileUploader */,
				F718566919C9EFA60017BED6 /* FileUploaderTests */,
			);
		};
/* End PBXProject section */

/* Begin PBXResourcesBuildPhase section */
		F718565619C9EFA60017BED6 /* Resources */ = {
			isa = PBXResourcesBuildPhase;
			buildActionMask = 2147483647;
			files = (
				F718566219C9EFA60017BED6 /* Images.xcassets in Resources */,
				F718566519C9EFA60017BED6 /* MainMenu.xib in Resources */,
			);
			runOnlyForDeploymentPostprocessing = 0;
		};
		F718566819C9EFA60017BED6 /* Resources */ = {
			isa = PBXResourcesBuildPhase;
			buildActionMask = 2147483647;
			files = (
			);
			runOnlyForDeploymentPostprocessing = 0;
		};
/* End PBXResourcesBuildPhase section */

/* Begin PBXSourcesBuildPhase section */
		F718565419C9EFA60017BED6 /* Sources */ = {
			isa = PBXSourcesBuildPhase;
			buildActionMask = 2147483647;
			files = (
				F718566019C9EFA60017BED6 /* AppDelegate.swift in Sources */,
				F718565E19C9EFA60017BED6 /* main.swift in Sources */,
			);
			runOnlyForDeploymentPostprocessing = 0;
		};
		F718566619C9EFA60017BED6 /* Sources */ = {
			isa = PBXSourcesBuildPhase;
			buildActionMask = 2147483647;
			files = (
				F718567119C9EFA60017BED6 /* FileUploaderTests.swift in Sources */,
			);
			runOnlyForDeploymentPostprocessing = 0;
		};
/* End PBXSourcesBuildPhase section */

/* Begin PBXTargetDependency section */
		F718566C19C9EFA60017BED6 /* PBXTargetDependency */ = {
			isa = PBXTargetDependency;
			target = F718565719C9EFA60017BED6 /* FileUploader */;
			targetProxy = F718566B19C9EFA60017BED6 /* PBXContainerItemProxy */;
		};
/* End PBXTargetDependency section */

/* Begin PBXVariantGroup section */
		F718566319C9EFA60017BED6 /* MainMenu.xib */ = {
			isa = PBXVariantGroup;
			children = (
				F718566419C9EFA60017BED6 /* Base */,
			);
			name = MainMenu.xib;
			sourceTree = "<group>";
		};
/* End PBXVariantGroup section */

/* Begin XCBuildConfiguration section */
		F718567219C9EFA60017BED6 /* Debug */ = {
			isa = XCBuildConfiguration;
			buildSettings = {
				ALWAYS_SEARCH_USER_PATHS = NO;
				CLANG_CXX_LANGUAGE_STANDARD = "gnu++0x";
				CLANG_CXX_LIBRARY = "libc++";
				CLANG_ENABLE_MODULES = YES;
				CLANG_ENABLE_OBJC_ARC = YES;
				CLANG_WARN_BLOCK_CAPTURE_AUTORELEASING = YES;
				CLANG_WARN_BOOL_CONVERSION = YES;
				CLANG_WARN_COMMA = YES;
				CLANG_WARN_CONSTANT_CONVERSION = YES;
				CLANG_WARN_DEPRECATED_OBJC_IMPLEMENTATIONS = YES;
				CLANG_WARN_DIRECT_OBJC_ISA_USAGE = YES_ERROR;
				CLANG_WARN_EMPTY_BODY = YES;
				CLANG_WARN_ENUM_CONVERSION = YES;
				CLANG_WARN_INFINITE_RECURSION = YES;
				CLANG_WARN_INT_CONVERSION = YES;
				CLANG_WARN_NON_LITERAL_NULL_CONVERSION = YES;
				CLANG_WARN_OBJC_IMPLICIT_RETAIN_SELF = YES;
				CLANG_WARN_OBJC_LITERAL_CONVERSION = YES;
				CLANG_WARN_OBJC_ROOT_CLASS = YES_ERROR;
				CLANG_WARN_RANGE_LOOP_ANALYSIS = YES;
				CLANG_WARN_STRICT_PROTOTYPES = YES;
				CLANG_WARN_SUSPICIOUS_MOVE = YES;
				CLANG_WARN_UNREACHABLE_CODE = YES;
				CLANG_WARN__DUPLICATE_METHOD_MATCH = YES;
				CODE_SIGN_IDENTITY = "-";
				COPY_PHASE_STRIP = NO;
				ENABLE_STRICT_OBJC_MSGSEND = YES;
				ENABLE_TESTABILITY = YES;
				GCC_C_LANGUAGE_STANDARD = gnu99;
				GCC_DYNAMIC_NO_PIC = NO;
				GCC_NO_COMMON_BLOCKS = YES;
				GCC_OPTIMIZATION_LEVEL = 0;
				GCC_PREPROCESSOR_DEFINITIONS = (
					"DEBUG=1",
					"$(inherited)",
				);
				GCC_SYMBOLS_PRIVATE_EXTERN = NO;
				GCC_WARN_64_TO_32_BIT_CONVERSION = YES;
				GCC_WARN_ABOUT_RETURN_TYPE = YES_ERROR;
				GCC_WARN_UNDECLARED_SELECTOR = YES;
				GCC_WARN_UNINITIALIZED_AUTOS = YES_AGGRESSIVE;
				GCC_WARN_UNUSED_FUNCTION = YES;
				GCC_WARN_UNUSED_VARIABLE = YES;
				MACOSX_DEPLOYMENT_TARGET = 10.9;
				MTL_ENABLE_DEBUG_INFO = YES;
				ONLY_ACTIVE_ARCH = YES;
				SDKROOT = macosx;
				SWIFT_OPTIMIZATION_LEVEL = "-Onone";
			};
			name = Debug;
		};
		F718567319C9EFA60017BED6 /* Release */ = {
			isa = XCBuildConfiguration;
			buildSettings = {
				ALWAYS_SEARCH_USER_PATHS = NO;
				CLANG_CXX_LANGUAGE_STANDARD = "gnu++0x";
				CLANG_CXX_LIBRARY = "libc++";
				CLANG_ENABLE_MODULES = YES;
				CLANG_ENABLE_OBJC_ARC = YES;
				CLANG_WARN_BLOCK_CAPTURE_AUTORELEASING = YES;
				CLANG_WARN_BOOL_CONVERSION = YES;
				CLANG_WARN_COMMA = YES;
				CLANG_WARN_CONSTANT_CONVERSION = YES;
				CLANG_WARN_DEPRECATED_OBJC_IMPLEMENTATIONS = YES;
				CLANG_WARN_DIRECT_OBJC_ISA_USAGE = YES_ERROR;
				CLANG_WARN_EMPTY_BODY = YES;
				CLANG_WARN_ENUM_CONVERSION = YES;
				CLANG_WARN_INFINITE_RECURSION = YES;
				CLANG_WARN_INT_CONVERSION = YES;
				CLANG_WARN_NON_LITERAL_NULL_CONVERSION = YES;
				CLANG_WARN_OBJC_IMPLICIT_RETAIN_SELF = YES;
				CLANG_WARN_OBJC_LITERAL_CONVERSION = YES;
				CLANG_WARN_OBJC_ROOT_CLASS = YES_ERROR;
				CLANG_WARN_RANGE_LOOP_ANALYSIS = YES;
				CLANG_WARN_STRICT_PROTOTYPES = YES;
				CLANG_WARN_SUSPICIOUS_MOVE = YES;
				CLANG_WARN_UNREACHABLE_CODE = YES;
				CLANG_WARN__DUPLICATE_METHOD_MATCH = YES;
				CODE_SIGN_IDENTITY = "-";
				COPY_PHASE_STRIP = YES;
				DEBUG_INFORMATION_FORMAT = "dwarf-with-dsym";
				ENABLE_NS_ASSERTIONS = NO;
				ENABLE_STRICT_OBJC_MSGSEND = YES;
				GCC_C_LANGUAGE_STANDARD = gnu99;
				GCC_NO_COMMON_BLOCKS = YES;
				GCC_WARN_64_TO_32_BIT_CONVERSION = YES;
				GCC_WARN_ABOUT_RETURN_TYPE = YES_ERROR;
				GCC_WARN_UNDECLARED_SELECTOR = YES;
				GCC_WARN_UNINITIALIZED_AUTOS = YES_AGGRESSIVE;
				GCC_WARN_UNUSED_FUNCTION = YES;
				GCC_WARN_UNUSED_VARIABLE = YES;
				MACOSX_DEPLOYMENT_TARGET = 10.9;
				MTL_ENABLE_DEBUG_INFO = NO;
				SDKROOT = macosx;
				SWIFT_OPTIMIZATION_LEVEL = "-Owholemodule";
			};
			name = Release;
		};
		F718567519C9EFA60017BED6 /* Debug */ = {
			isa = XCBuildConfiguration;
			buildSettings = {
				ASSETCATALOG_COMPILER_APPICON_NAME = AppIcon;
				COMBINE_HIDPI_IMAGES = YES;
				INFOPLIST_FILE = FileUploader/Info.plist;
				LD_RUNPATH_SEARCH_PATHS = "$(inherited) @executable_path/../Frameworks";
				PRODUCT_BUNDLE_IDENTIFIER = "com.autodesk.$(PRODUCT_NAME:rfc1034identifier)";
				PRODUCT_NAME = "$(TARGET_NAME)";
				SWIFT_SWIFT3_OBJC_INFERENCE = On;
				SWIFT_VERSION = 4.0;
			};
			name = Debug;
		};
		F718567619C9EFA60017BED6 /* Release */ = {
			isa = XCBuildConfiguration;
			buildSettings = {
				ASSETCATALOG_COMPILER_APPICON_NAME = AppIcon;
				COMBINE_HIDPI_IMAGES = YES;
				INFOPLIST_FILE = FileUploader/Info.plist;
				LD_RUNPATH_SEARCH_PATHS = "$(inherited) @executable_path/../Frameworks";
				PRODUCT_BUNDLE_IDENTIFIER = "com.autodesk.$(PRODUCT_NAME:rfc1034identifier)";
				PRODUCT_NAME = "$(TARGET_NAME)";
				SWIFT_SWIFT3_OBJC_INFERENCE = On;
				SWIFT_VERSION = 4.0;
			};
			name = Release;
		};
		F718567819C9EFA60017BED6 /* Debug */ = {
			isa = XCBuildConfiguration;
			buildSettings = {
				BUNDLE_LOADER = "$(TEST_HOST)";
				COMBINE_HIDPI_IMAGES = YES;
				FRAMEWORK_SEARCH_PATHS = (
					"$(DEVELOPER_FRAMEWORKS_DIR)",
					"$(inherited)",
				);
				GCC_PREPROCESSOR_DEFINITIONS = (
					"DEBUG=1",
					"$(inherited)",
				);
				INFOPLIST_FILE = FileUploaderTests/Info.plist;
				LD_RUNPATH_SEARCH_PATHS = "$(inherited) @executable_path/../Frameworks @loader_path/../Frameworks";
				PRODUCT_BUNDLE_IDENTIFIER = "com.autodesk.$(PRODUCT_NAME:rfc1034identifier)";
				PRODUCT_NAME = "$(TARGET_NAME)";
				SWIFT_SWIFT3_OBJC_INFERENCE = On;
				SWIFT_VERSION = 4.0;
				TEST_HOST = "$(BUILT_PRODUCTS_DIR)/FileUploader.app/Contents/MacOS/FileUploader";
			};
			name = Debug;
		};
		F718567919C9EFA60017BED6 /* Release */ = {
			isa = XCBuildConfiguration;
			buildSettings = {
				BUNDLE_LOADER = "$(TEST_HOST)";
				COMBINE_HIDPI_IMAGES = YES;
				FRAMEWORK_SEARCH_PATHS = (
					"$(DEVELOPER_FRAMEWORKS_DIR)",
					"$(inherited)",
				);
				INFOPLIST_FILE = FileUploaderTests/Info.plist;
				LD_RUNPATH_SEARCH_PATHS = "$(inherited) @executable_path/../Frameworks @loader_path/../Frameworks";
				PRODUCT_BUNDLE_IDENTIFIER = "com.autodesk.$(PRODUCT_NAME:rfc1034identifier)";
				PRODUCT_NAME = "$(TARGET_NAME)";
				SWIFT_SWIFT3_OBJC_INFERENCE = On;
				SWIFT_VERSION = 4.0;
				TEST_HOST = "$(BUILT_PRODUCTS_DIR)/FileUploader.app/Contents/MacOS/FileUploader";
			};
			name = Release;
		};
/* End XCBuildConfiguration section */

/* Begin XCConfigurationList section */
		F718565319C9EFA60017BED6 /* Build configuration list for PBXProject "FileUploader" */ = {
			isa = XCConfigurationList;
			buildConfigurations = (
				F718567219C9EFA60017BED6 /* Debug */,
				F718567319C9EFA60017BED6 /* Release */,
			);
			defaultConfigurationIsVisible = 0;
			defaultConfigurationName = Release;
		};
		F718567419C9EFA60017BED6 /* Build configuration list for PBXNativeTarget "FileUploader" */ = {
			isa = XCConfigurationList;
			buildConfigurations = (
				F718567519C9EFA60017BED6 /* Debug */,
				F718567619C9EFA60017BED6 /* Release */,
			);
			defaultConfigurationIsVisible = 0;
			defaultConfigurationName = Release;
		};
		F718567719C9EFA60017BED6 /* Build configuration list for PBXNativeTarget "FileUploaderTests" */ = {
			isa = XCConfigurationList;
			buildConfigurations = (
				F718567819C9EFA60017BED6 /* Debug */,
				F718567919C9EFA60017BED6 /* Release */,
			);
			defaultConfigurationIsVisible = 0;
			defaultConfigurationName = Release;
		};
/* End XCConfigurationList section */
	};
	rootObject = F718565019C9EFA60017BED6 /* Project object */;
}
